#MicroXplorer Configuration settings - do not modify
Mcu.Family=STM32F3
ProjectManager.MainLocation=Core/Src
RCC.MCOFreq_Value=8000000
PA6.Mode=Full_Duplex_Master
RCC.USART1Freq_Value=8000000
ProjectManager.ProjectFileName=vvvf.ioc
TIM17.Prescaler=1
RCC.CortexFreq_Value=8000000
RCC.ADC12outputFreq_Value=64000000
VP_TIM17_VS_ClockSourceINT.Mode=Enable_Timer
PA7.Mode=Full_Duplex_Master
ProjectManager.KeepUserCode=true
Mcu.UserName=STM32F303K8Tx
Mcu.PinsNb=13
SPI1.VirtualType=VM_MASTER
TIM17.Pulse=5000
ProjectManager.NoMain=false
SPI1.IPParameters=VirtualType,Mode,Direction,CalculateBaudRate
TIM1.Pulse-PWM\ Generation1\ CH1\ CH1N=5000
TIM1.IPParameters=Channel-PWM Generation1 CH1 CH1N,Prescaler,Period,Pulse-PWM Generation1 CH1 CH1N,DeadTime,LockLevel
RCC.PLLCLKFreq_Value=64000000
SH.S_TIM17_CH1.ConfNb=1
ProjectManager.functionlistsort=1-MX_GPIO_Init-GPIO-false-HAL-true,2-SystemClock_Config-RCC-false-HAL-false,3-MX_TIM1_Init-TIM1-false-HAL-true,4-MX_TIM15_Init-TIM15-false-HAL-true,5-MX_TIM17_Init-TIM17-false-HAL-true
PA11.Mode=PWM Generation1 CH1 CH1N
RCC.RTCFreq_Value=40000
ProjectManager.DefaultFWLocation=true
RCC.HSEPLLFreq_Value=8000000
TIM1.Channel-PWM\ Generation1\ CH1\ CH1N=TIM_CHANNEL_1
TIM15.DeadTime=13
ProjectManager.DeletePrevious=true
RCC.HSIPLLFreq_Value=4000000
SH.S_TIM1_CH1.ConfNb=1
VP_TIM17_VS_ClockSourceINT.Signal=TIM17_VS_ClockSourceINT
PinOutPanel.RotationAngle=0
RCC.FamilyName=M
ProjectManager.StackSize=0x400
Mcu.IP4=TIM1
RCC.FCLKCortexFreq_Value=8000000
Mcu.IP5=TIM15
NVIC.SVCall_IRQn=true\:0\:0\:false\:false\:true\:false\:false
Mcu.IP2=SPI1
Mcu.IP3=SYS
Mcu.IP0=NVIC
Mcu.IP1=RCC
TIM1.Prescaler=1
SH.S_TIM1_CH1.0=TIM1_CH1,PWM Generation1 CH1 CH1N
Mcu.UserConstants=
ProjectManager.TargetToolchain=Makefile
TIM15.Prescaler=1
Mcu.ThirdPartyNb=0
SPI1.Direction=SPI_DIRECTION_2LINES
RCC.HCLKFreq_Value=8000000
Mcu.IPNb=7
ProjectManager.PreviousToolchain=
RCC.APB2TimFreq_Value=8000000
SPI1.CalculateBaudRate=2.0 MBits/s
Mcu.Pin6=PA7
Mcu.Pin7=PA8
TIM17.IPParameters=Channel,Prescaler,Period,DeadTime,Pulse
ProjectManager.RegisterCallBack=
Mcu.Pin8=PA11
Mcu.Pin9=PB5
TIM15.IPParameters=Channel-PWM Generation1 CH1 CH1N,Prescaler,Period,Pulse-PWM Generation1 CH1 CH1N,DeadTime
PF1\ /\ OSC_OUT.Signal=GPIO_Output
PA1.Signal=TIM15_CH1N
RCC.AHBFreq_Value=8000000
RCC.TIM2Freq_Value=8000000
Mcu.Pin0=PF0 / OSC_IN
Mcu.Pin1=PF1 / OSC_OUT
GPIO.groupedBy=
Mcu.Pin2=PA1
Mcu.Pin3=PA2
Mcu.Pin4=PA5
Mcu.Pin5=PA6
PA5.Signal=SPI1_SCK
ProjectManager.ProjectBuild=false
RCC.HSE_VALUE=8000000
NVIC.UsageFault_IRQn=true\:0\:0\:false\:false\:true\:false\:false
NVIC.DebugMonitor_IRQn=true\:0\:0\:false\:false\:true\:false\:false
board=custom
TIM1.LockLevel=TIM_LOCKLEVEL_OFF
TIM17.Channel=TIM_CHANNEL_1
NVIC.SysTick_IRQn=true\:0\:0\:false\:false\:true\:false\:true
ProjectManager.LastFirmware=true
SH.S_TIM15_CH1.0=TIM15_CH1,PWM Generation1 CH1 CH1N
SH.S_TIM15_CH1.ConfNb=1
RCC.PLLMUL=RCC_PLL_MUL16
TIM15.Period=10000
RCC.VCOOutput2Freq_Value=4000000
TIM17.Period=10000
ProjectManager.FirmwarePackage=STM32Cube FW_F3 V1.11.2
PF0\ /\ OSC_IN.Locked=true
MxDb.Version=DB.6.0.10
RCC.APB2Freq_Value=4000000
PA1.Mode=PWM Generation1 CH1 CH1N
TIM15.Pulse-PWM\ Generation1\ CH1\ CH1N=5000
PF1\ /\ OSC_OUT.Locked=true
ProjectManager.BackupPrevious=false
PF0\ /\ OSC_IN.Signal=GPIO_Output
MxCube.Version=6.1.1
RCC.I2C1Freq_Value=8000000
SPI1.Mode=SPI_MODE_MASTER
TIM1.DeadTime=13
File.Version=6
VP_SYS_VS_Systick.Mode=SysTick
PB7.Signal=TIM17_CH1N
PA8.Signal=S_TIM1_CH1
NVIC.NonMaskableInt_IRQn=true\:0\:0\:false\:false\:true\:false\:false
NVIC.PendSV_IRQn=true\:0\:0\:false\:false\:true\:false\:false
ProjectManager.FreePins=false
RCC.IPParameters=ADC12outputFreq_Value,AHBFreq_Value,APB1Freq_Value,APB1TimFreq_Value,APB2CLKDivider,APB2Freq_Value,APB2TimFreq_Value,CortexFreq_Value,FCLKCortexFreq_Value,FamilyName,HCLKFreq_Value,HSEPLLFreq_Value,HSE_VALUE,HSIPLLFreq_Value,HSI_VALUE,I2C1Freq_Value,LSI_VALUE,MCOFreq_Value,PLLCLKFreq_Value,PLLMCOFreq_Value,PLLMUL,RTCFreq_Value,RTCHSEDivFreq_Value,SYSCLKFreq_VALUE,TIM1Freq_Value,TIM2Freq_Value,USART1Freq_Value,VCOOutput2Freq_Value
ProjectManager.AskForMigrate=true
Mcu.Name=STM32F303K(6-8)Tx
ProjectManager.HalAssertFull=false
RCC.RTCHSEDivFreq_Value=250000
PA2.Signal=S_TIM15_CH1
ProjectManager.ProjectName=vvvf
ProjectManager.UnderRoot=false
RCC.TIM1Freq_Value=8000000
Mcu.IP6=TIM17
RCC.PLLMCOFreq_Value=64000000
ProjectManager.CoupleFile=false
RCC.SYSCLKFreq_VALUE=8000000
Mcu.Package=LQFP32
PB5.Signal=S_TIM17_CH1
PA6.Signal=SPI1_MISO
NVIC.ForceEnableDMAVector=true
KeepUserPlacement=false
NVIC.MemoryManagement_IRQn=true\:0\:0\:false\:false\:true\:false\:false
ProjectManager.CompilerOptimize=6
ProjectManager.ToolChainLocation=
RCC.LSI_VALUE=40000
VP_SYS_VS_Systick.Signal=SYS_VS_Systick
PB7.Mode=PWM Generation1 CH1 CH1N
PA11.Signal=TIM1_CH1N
ProjectManager.HeapSize=0x200
NVIC.HardFault_IRQn=true\:0\:0\:false\:false\:true\:false\:false
ProjectManager.ComputerToolchain=false
RCC.HSI_VALUE=8000000
SH.S_TIM17_CH1.0=TIM17_CH1,PWM Generation1 CH1 CH1N
NVIC.PriorityGroup=NVIC_PRIORITYGROUP_4
RCC.APB2CLKDivider=RCC_HCLK_DIV2
Mcu.Pin11=VP_SYS_VS_Systick
Mcu.Pin12=VP_TIM17_VS_ClockSourceINT
Mcu.Pin10=PB7
RCC.APB1TimFreq_Value=8000000
NVIC.BusFault_IRQn=true\:0\:0\:false\:false\:true\:false\:false
TIM1.Period=10000
RCC.APB1Freq_Value=8000000
ProjectManager.CustomerFirmwarePackage=
TIM15.Channel-PWM\ Generation1\ CH1\ CH1N=TIM_CHANNEL_1
ProjectManager.DeviceId=STM32F303K8Tx
ProjectManager.LibraryCopy=0
PA5.Mode=Full_Duplex_Master
PA7.Signal=SPI1_MOSI
TIM17.DeadTime=13
